
Microsoft Visual Studio Solution File, Format Version 12.00
# Visual Studio Version 16
VisualStudioVersion = 16.0.30621.155
MinimumVisualStudioVersion = 10.0.40219.1
Project("{FAE04EC0-301F-11D3-BF4B-00C04F79EFBC}") = "ConsApp04", "ConsApp04.csproj", "{F76D14C9-D2E5-4DBD-8517-90C50D24C4DE}"
EndProject
Global
	GlobalSection(SolutionConfigurationPlatforms) = preSolution
		Debug|Any CPU = Debug|Any CPU
		Release|Any CPU = Release|Any CPU
	EndGlobalSection
	GlobalSection(ProjectConfigurationPlatforms) = postSolution
		{F76D14C9-D2E5-4DBD-8517-90C50D24C4DE}.Debug|Any CPU.ActiveCfg = Debug|Any CPU
		{F76D14C9-D2E5-4DBD-8517-90C50D24C4DE}.Debug|Any CPU.Build.0 = Debug|Any CPU
		{F76D14C9-D2E5-4DBD-8517-90C50D24C4DE}.Release|Any CPU.ActiveCfg = Release|Any CPU
		{F76D14C9-D2E5-4DBD-8517-90C50D24C4DE}.Release|Any CPU.Build.0 = Release|Any CPU
	EndGlobalSection
	GlobalSection(SolutionProperties) = preSolution
		HideSolutionNode = FALSE
	EndGlobalSection
	GlobalSection(ExtensibilityGlobals) = postSolution
		SolutionGuid = {DC02D90C-4E12-4628-B730-217A9D7D4F1A}
	EndGlobalSection
EndGlobal
